
Microsoft Visual Studio Solution File, Format Version 12.00
# Visual Studio Version 17
VisualStudioVersion = 17.0.31903.59
MinimumVisualStudioVersion = 10.0.40219.1
Project("{FAE04EC0-301F-11D3-BF4B-00C04F79EFBC}") = "Micro.API", "Micro.API\Micro.API.csproj", "{BAEE63FD-D68C-4F7E-ABF4-B04879A51328}"
EndProject
Project("{FAE04EC0-301F-11D3-BF4B-00C04F79EFBC}") = "MicroservicesSolution.OrderProcessing", "MicroservicesSolution.OrderProcessing\MicroservicesSolution.OrderProcessing.csproj", "{3FCF2D24-22E1-48A8-82BF-9ECEE3D7674B}"
EndProject
Global
	GlobalSection(SolutionConfigurationPlatforms) = preSolution
		Debug|Any CPU = Debug|Any CPU
		Release|Any CPU = Release|Any CPU
	EndGlobalSection
	GlobalSection(SolutionProperties) = preSolution
		HideSolutionNode = FALSE
	EndGlobalSection
	GlobalSection(ProjectConfigurationPlatforms) = postSolution
		{BAEE63FD-D68C-4F7E-ABF4-B04879A51328}.Debug|Any CPU.ActiveCfg = Debug|Any CPU
		{BAEE63FD-D68C-4F7E-ABF4-B04879A51328}.Debug|Any CPU.Build.0 = Debug|Any CPU
		{BAEE63FD-D68C-4F7E-ABF4-B04879A51328}.Release|Any CPU.ActiveCfg = Release|Any CPU
		{BAEE63FD-D68C-4F7E-ABF4-B04879A51328}.Release|Any CPU.Build.0 = Release|Any CPU
		{3FCF2D24-22E1-48A8-82BF-9ECEE3D7674B}.Debug|Any CPU.ActiveCfg = Debug|Any CPU
		{3FCF2D24-22E1-48A8-82BF-9ECEE3D7674B}.Debug|Any CPU.Build.0 = Debug|Any CPU
		{3FCF2D24-22E1-48A8-82BF-9ECEE3D7674B}.Release|Any CPU.ActiveCfg = Release|Any CPU
		{3FCF2D24-22E1-48A8-82BF-9ECEE3D7674B}.Release|Any CPU.Build.0 = Release|Any CPU
	EndGlobalSection
EndGlobal
